# This file is autogenerated, do not edit; changes may be undone by the next 'dep ensure'.


[[projects]]
  digest = "1:b16fbfbcc20645cb419f78325bb2e85ec729b338e996a228124d68931a6f2a37"
  name = "github.com/BurntSushi/toml"
  packages = ["."]
  pruneopts = "UT"
  revision = "b26d9c308763d68093482582cea63d69be07a0f0"
  version = "v0.3.0"

[[projects]]
  branch = "master"
  digest = "1:164a36ea7dd8adbbe439458aeb3f55aeb1e18461be220ebab4937cec96fb1a6a"
  name = "github.com/Joker/jade"
  packages = ["."]
  pruneopts = "UT"
  revision = "8828253bfc54f2f91aaef5f32b44a244b0a98e4f"

[[projects]]
  branch = "master"
  digest = "1:8c99bae8191c18fc5a2ba4cc0ab7d2d3d669dfb892e32561e867418ecc25bb05"
  name = "github.com/aymerick/raymond"
  packages = [
    ".",
    "ast",
    "lexer",
    "parser",
  ]
  pruneopts = "UT"
  revision = "b565731e1464263de0bda75f2e45d97b54b60110"

[[projects]]
  branch = "master"
  digest = "1:6f9339c912bbdda81302633ad7e99a28dfa5a639c864061f1929510a9a64aa74"
  name = "github.com/dustin/go-humanize"
  packages = ["."]
  pruneopts = "UT"
  revision = "02af3965c54e8cacf948b97fef38925c4120652c"

[[projects]]
  branch = "master"
  digest = "1:f524f46fd5c8f8ae8bef1f754683f2fbb951fb616010be6ff6eed9a6e4082fd7"
  name = "github.com/eknkc/amber"
  packages = [
    ".",
    "parser",
  ]
  pruneopts = "UT"
  revision = "cdade1c073850f4ffc70a829e31235ea6892853b"

[[projects]]
  digest = "1:ca82a3b99694824c627573c2a76d0e49719b4a9c02d1d85a2ac91f1c1f52ab9b"
  name = "github.com/fatih/structs"
  packages = ["."]
  pruneopts = "UT"
  revision = "a720dfa8df582c51dee1b36feabb906bde1588bd"
  version = "v1.0"

[[projects]]
  branch = "master"
  digest = "1:dcbda7bdb2fa74715d1fc917a9db4ad0389719a816a1404f326634158a4de315"
  name = "github.com/flosch/pongo2"
  packages = ["."]
  pruneopts = "UT"
  revision = "e7cf9ea5ca9c574f3fd5f83f7eed4a6162a67dea"

[[projects]]
  digest = "1:fb46255681497314debedde38b64be32a75bae50bad107586c22f1662bf2d352"
  name = "github.com/go-ini/ini"
  packages = ["."]
  pruneopts = "UT"
  revision = "06f5f3d67269ccec1fe5fe4134ba6e982984f7f5"
  version = "v1.37.0"

[[projects]]
  digest = "1:2dcef220bbfaffc3f35315e20424b378c6c00fe571d79a7ffec958a84b853f1f"
  name = "github.com/go-xorm/builder"
  packages = ["."]
  pruneopts = "UT"
  revision = "bad0a612f0d6277b953910822ab5dfb30dd18237"
  version = "v0.2.0"

[[projects]]
  digest = "1:ec14b8c3b10e27599d7053a97bd28ef36e59cc4247f83b474bca43aaa971eab9"
  name = "github.com/go-xorm/core"
  packages = ["."]
  pruneopts = "UT"
  revision = "c10e21e7e1cec20e09398f2dfae385e58c8df555"
  version = "v0.6.0"

[[projects]]
  digest = "1:a8b125395e07c4e0c26030f783f6fbd01ab006ce1f268465e4c42f62a1d42a41"
  name = "github.com/go-xorm/xorm"
  packages = ["."]
  pruneopts = "UT"
  revision = "d85bb4911c725a53b135fc12862748a41b6c07da"
  version = "v0.7.0"

[[projects]]
  digest = "1:43dd08a10854b2056e615d1b1d22ac94559d822e1f8b6fcc92c1a1057e85188e"
  name = "github.com/gorilla/websocket"
  packages = ["."]
  pruneopts = "UT"
  revision = "ea4d1f681babbce9545c9c5f3d5194a789c89f5b"
  version = "v1.2.0"

[[projects]]
  branch = "master"
  digest = "1:e12b92b8bb20af6e299e9829534cfe790857702a988d3f0443e772c9d82a4fd2"
  name = "github.com/hashicorp/go-version"
  packages = ["."]
  pruneopts = "UT"
  revision = "23480c0665776210b5fbbac6eaaee40e3e6a96b7"

[[projects]]
  branch = "master"
  digest = "1:be0e14e780a05a33d034ff3a33c385a383a028c84df710a95ec402062df025c3"
  name = "github.com/iris-contrib/formBinder"
  packages = ["."]
  pruneopts = "UT"
  revision = "ad9fb86c356f971f30319c40ddbdcf72129a2791"

[[projects]]
  digest = "1:a22dcb0e9aaee82acd1a3c82c00849cf075ab92cacc920807e6f7f4a34118652"
  name = "github.com/iris-contrib/middleware"
  packages = ["cors"]
  pruneopts = "UT"
  revision = "1060fbb0ce08a72c50c612e8e5bdc8076c28343d"
  version = "v10"

[[projects]]
  branch = "master"
  digest = "1:8a235b88fe23410401cfad7e9c1df548466e6ca40ea828c3b186ab362d7dc4cc"
  name = "github.com/json-iterator/go"
  packages = ["."]
  pruneopts = "UT"
  revision = "8744d7c5c7b40a53e018f78d8c508b3315260b96"

[[projects]]
  branch = "master"
  digest = "1:70107cf7ee5eb9e3c3dabe65bcb220bff22ee42e32d9b7fca988e16b8727cacc"
  name = "github.com/juju/errors"
  packages = ["."]
  pruneopts = "UT"
  revision = "c7d06af17c68cd34c835053720b21f6549d9b0ee"

[[projects]]
  branch = "master"
  digest = "1:f17dfd7df684b802076e8b0b316f27788763f647f8dbee368c98b2cb933d8657"
  name = "github.com/kataras/golog"
  packages = ["."]
  pruneopts = "UT"
  revision = "03be101463868edc5a81f094fc68a5f6c1b5503a"

[[projects]]
  digest = "1:98ffaea2cbea3e6aaded84cbebf8ef8f8aa7bb3eb444ae5ffd441444f173fc7a"
  name = "github.com/kataras/iris"
  packages = [
    ".",
    "cache",
    "cache/cfg",
    "cache/client",
    "cache/client/rule",
    "cache/entry",
    "cache/ruleset",
    "cache/uri",
    "context",
    "core/errors",
    "core/handlerconv",
    "core/host",
    "core/maintenance",
    "core/maintenance/version",
    "core/memstore",
    "core/netutil",
    "core/router",
    "core/router/macro",
    "core/router/macro/interpreter/ast",
    "core/router/macro/interpreter/lexer",
    "core/router/macro/interpreter/parser",
    "core/router/macro/interpreter/token",
    "core/router/node",
    "middleware/logger",
    "middleware/recover",
    "view",
    "websocket",
  ]
  pruneopts = "UT"
  revision = "e1e309c0fe31acda872cdf4833ca8402034cbee2"
  version = "v10.6.5"

[[projects]]
  branch = "master"
  digest = "1:12dd62070fab270c309a993d1b3d2c09c78313ae7cd11be06eb36f80b41b0aef"
  name = "github.com/kataras/pio"
  packages = [
    ".",
    "terminal",
  ]
  pruneopts = "UT"
  revision = "a9733b5b6b83d32b479aacd51d26ef6018261963"

[[projects]]
  digest = "1:406bff1e7f4e7337accc50f1f4b4e41e9db5304e012f9571c324e001188e9061"
  name = "github.com/kataras/survey"
  packages = ["."]
  pruneopts = "UT"
  revision = "18a4dbb1d9d05349aea1a2bf9c84028c36817c10"
  version = "v1.3.4"

[[projects]]
  digest = "1:1da1796a71eb70f1e3e085984d044f67840bb0326816ec8276231aa87b1b9fc3"
  name = "github.com/klauspost/compress"
  packages = [
    "flate",
    "gzip",
  ]
  pruneopts = "UT"
  revision = "6c8db69c4b49dd4df1fff66996cf556176d0b9bf"
  version = "v1.2.1"

[[projects]]
  digest = "1:4ea0668d490ca32a38366453a486e2e8c60fbdaf1f2607c96b4a093d8a5c8de7"
  name = "github.com/klauspost/cpuid"
  packages = ["."]
  pruneopts = "UT"
  revision = "ae7887de9fa5d2db4eaa8174a7eff2c1ac00f2da"
  version = "v1.1"

[[projects]]
  digest = "1:1e5bf9cae557702ebbd51a32a94b47e3d1a20b7637682be08da8cf62152ec781"
  name = "github.com/klauspost/crc32"
  packages = ["."]
  pruneopts = "UT"
  revision = "cb6bfca970f6908083f26f39a79009d608efd5cd"
  version = "v1.1"

[[projects]]
  branch = "master"
  digest = "1:37ce7d7d80531b227023331002c0d42b4b4b291a96798c82a049d03a54ba79e4"
  name = "github.com/lib/pq"
  packages = [
    ".",
    "oid",
  ]
  pruneopts = "UT"
  revision = "90697d60dd844d5ef6ff15135d0203f65d2f53b8"

[[projects]]
  digest = "1:c658e84ad3916da105a761660dcaeb01e63416c8ec7bc62256a9b411a05fcd67"
  name = "github.com/mattn/go-colorable"
  packages = ["."]
  pruneopts = "UT"
  revision = "167de6bfdfba052fa6b2d3664c8f5272e23c9072"
  version = "v0.0.9"

[[projects]]
  digest = "1:d4d17353dbd05cb52a2a52b7fe1771883b682806f68db442b436294926bbfafb"
  name = "github.com/mattn/go-isatty"
  packages = ["."]
  pruneopts = "UT"
  revision = "0360b2af4f38e8d38c7fce2a9f4e702702d73a39"
  version = "v0.0.3"

[[projects]]
  branch = "master"
  digest = "1:2b32af4d2a529083275afc192d1067d8126b578c7a9613b26600e4df9c735155"
  name = "github.com/mgutz/ansi"
  packages = ["."]
  pruneopts = "UT"
  revision = "9520e82c474b0a04dd04f8a40959027271bab992"

[[projects]]
  branch = "master"
  digest = "1:ec4ee3de8c2be16119d8009ed6f1e06fd33797472ce28271f5e73e15a1107c00"
  name = "github.com/microcosm-cc/bluemonday"
  packages = ["."]
  pruneopts = "UT"
  revision = "995366fdf961d03629cd17361bddd32745718e2c"

[[projects]]
  digest = "1:8183eddeb39c5924661d7e800e13e6f90d413a681af5d6fd63215a94be636b7b"
  name = "github.com/minio/minio-go"
  packages = [
    ".",
    "pkg/credentials",
    "pkg/encrypt",
    "pkg/s3signer",
    "pkg/s3utils",
    "pkg/set",
  ]
  pruneopts = "UT"
  revision = "034ea465b079a920e0720e3e1e0cbf5ccfeb6373"
  version = "v6.0.2"

[[projects]]
  branch = "master"
  digest = "1:8eb17c2ec4df79193ae65b621cd1c0c4697db3bc317fe6afdc76d7f2746abd05"
  name = "github.com/mitchellh/go-homedir"
  packages = ["."]
  pruneopts = "UT"
  revision = "3864e76763d94a6df2f9960b16a20a33da9f9a66"

[[projects]]
  digest = "1:33422d238f147d247752996a26574ac48dcf472976eda7f5134015f06bf16563"
  name = "github.com/modern-go/concurrent"
  packages = ["."]
  pruneopts = "UT"
  revision = "bacd9c7ef1dd9b15be4a9909b8ac7a4e313eec94"
  version = "1.0.3"

[[projects]]
  digest = "1:d711dfcf661439f1ef0b202a02e8a1ff4deac48f26f34253520dcdbecbd7c5f1"
  name = "github.com/modern-go/reflect2"
  packages = ["."]
  pruneopts = "UT"
  revision = "1df9eeb2bb81f327b96228865c5687bc2194af3f"
  version = "1.0.0"

[[projects]]
  digest = "1:40e195917a951a8bf867cd05de2a46aaf1806c50cf92eebf4c16f78cd196f747"
  name = "github.com/pkg/errors"
  packages = ["."]
  pruneopts = "UT"
  revision = "645ef00459ed84a119197bfb8d8205042c6df63d"
  version = "v0.8.0"

[[projects]]
  digest = "1:9695b472826ca23e521d650849fefac3102dddbf841c9a4b35fb9d3ed5d17011"
  name = "github.com/rs/cors"
  packages = ["."]
  pruneopts = "UT"
  revision = "ca016a06a5753f8ba03029c0aa5e54afb1bf713f"
  version = "v1.4.0"

[[projects]]
  branch = "master"
  digest = "1:0cdbe7b717bdc81f143bbdd516c3639828c5e1cd158e4140ca100d657fc26550"
  name = "github.com/ryanuber/columnize"
  packages = ["."]
  pruneopts = "UT"
  revision = "abc90934186a77966e2beeac62ed966aac0561d5"

[[projects]]
  branch = "master"
  digest = "1:ff6b0586c0621a76832cf783eee58cbb9d9795d2ce8acbc199a4131db11c42a9"
  name = "github.com/satori/go.uuid"
  packages = ["."]
  pruneopts = "UT"
  revision = "36e9d2ebbde5e3f13ab2e25625fd453271d6522e"
  source = "github.com/satori/go.uuid"

[[projects]]
  branch = "master"
  digest = "1:def689e73e9252f6f7fe66834a76751a41b767e03daab299e607e7226c58a855"
  name = "github.com/shurcooL/sanitized_anchor_name"
  packages = ["."]
  pruneopts = "UT"
  revision = "86672fcb3f950f35f2e675df2240550f2a50762f"

[[projects]]
  digest = "1:9e9193aa51197513b3abcb108970d831fbcf40ef96aa845c4f03276e1fa316d2"
  name = "github.com/sirupsen/logrus"
  packages = ["."]
  pruneopts = "UT"
  revision = "c155da19408a8799da419ed3eeb0cb5db0ad5dbc"
  version = "v1.0.5"

[[projects]]
  branch = "master"
  digest = "1:c468422f334a6b46a19448ad59aaffdfc0a36b08fdcc1c749a0b29b6453d7e59"
  name = "github.com/valyala/bytebufferpool"
  packages = ["."]
  pruneopts = "UT"
  revision = "e746df99fe4a3986f4d4f79e13c1e0117ce9c2f7"

[[projects]]
  branch = "master"
  digest = "1:362be664bc7188e3ce51efae832761985ea9ecb74d8b25325ba032ead54bc93a"
  name = "golang.org/x/crypto"
  packages = [
    "acme",
    "acme/autocert",
    "argon2",
    "blake2b",
    "ssh/terminal",
  ]
  pruneopts = "UT"
  revision = "5ba7f63082460102a45837dbd1827e10f9479ac0"

[[projects]]
  branch = "master"
  digest = "1:47462c69e4af18cd0170dd0d6e43ccc4059137c8460bdf85bcd8d6c583a3873c"
  name = "golang.org/x/net"
  packages = [
    "html",
    "html/atom",
    "http/httpguts",
    "idna",
    "publicsuffix",
  ]
  pruneopts = "UT"
  revision = "1e491301e022f8f977054da4c2d852decd59571f"

[[projects]]
  branch = "master"
  digest = "1:a19d8130154771a30b7bf776358c719ec7d41ad5432aa09c82ea1ff09e9e32a1"
  name = "golang.org/x/sys"
  packages = [
    "cpu",
    "unix",
    "windows",
  ]
  pruneopts = "UT"
  revision = "c11f84a56e43e20a78cee75a7c034031ecf57d1f"

[[projects]]
  digest = "1:a2ab62866c75542dd18d2b069fec854577a20211d7c0ea6ae746072a1dccdd18"
  name = "golang.org/x/text"
  packages = [
    "collate",
    "collate/build",
    "internal/colltab",
    "internal/gen",
    "internal/tag",
    "internal/triegen",
    "internal/ucd",
    "language",
    "secure/bidirule",
    "transform",
    "unicode/bidi",
    "unicode/cldr",
    "unicode/norm",
    "unicode/rangetable",
  ]
  pruneopts = "UT"
  revision = "f21a4dfb5e38f5895301dc265a8def02365cc3d0"
  version = "v0.3.0"

[[projects]]
  digest = "1:7849dff11be3defef1f33a9e469329f8786afb4649d115d7b2027717fe4eb4eb"
  name = "gopkg.in/AlecAivazis/survey.v1"
  packages = [
    "core",
    "terminal",
  ]
  pruneopts = "UT"
  revision = "e752db451e07e09c7d7dc8cada807a44bdb0fd47"
  version = "v1.5.3"

[[projects]]
  digest = "1:a5e84e917d904e61d7493cee0706b2203847986d4e181f528028f8ed3a7c3c5d"
  name = "gopkg.in/resty.v1"
  packages = ["."]
  pruneopts = "UT"
  revision = "fc3ad735b5565cada42d34bc298573fd3fe5adc6"
  version = "v1.6"

[[projects]]
  branch = "v2"
  digest = "1:d070fa8ed944599a71637829dbfb15ae0eedf2c8102b169460499f79ff953fb6"
  name = "gopkg.in/russross/blackfriday.v2"
  packages = ["."]
  pruneopts = "UT"
  revision = "670777b536d38a1aef1d517f6330a77d52ceb02e"

[[projects]]
  branch = "v2"
  digest = "1:342378ac4dcb378a5448dd723f0784ae519383532f5e70ade24132c4c8693202"
  name = "gopkg.in/yaml.v2"
  packages = ["."]
  pruneopts = "UT"
  revision = "5420a8b6744d3b0345ab293f6fcba19c978f1183"

[solve-meta]
  analyzer-name = "dep"
  analyzer-version = 1
  input-imports = [
    "github.com/go-xorm/xorm",
    "github.com/gorilla/websocket",
    "github.com/iris-contrib/middleware/cors",
    "github.com/kataras/iris",
    "github.com/kataras/iris/context",
    "github.com/kataras/iris/core/errors",
    "github.com/kataras/iris/websocket",
    "github.com/lib/pq",
    "github.com/minio/minio-go",
    "github.com/pkg/errors",
    "github.com/satori/go.uuid",
    "gopkg.in/resty.v1",
    "gopkg.in/yaml.v2",
  ]
  solver-name = "gps-cdcl"
  solver-version = 1
